<?xml version="1.0" encoding="UTF-8" standalone="yes" ?>
<CodeBlocks_project_file>
	<FileVersion major="1" minor="6" />
	<Project>
		<Option title="Revox" />
		<Option pch_mode="2" />
		<Option compiler="gcc" />
		<Build>
			<Target title="Release">
				<Option output="bin/Release/Revox" prefix_auto="1" extension_auto="1" />
				<Option object_output="obj/Release/" />
				<Option type="3" />
				<Option compiler="gcc" />
				<Option createDefFile="1" />
				<Option createStaticLib="1" />
				<Compiler>
					<Add option="-Os" />
					<Add option="-O2" />
				</Compiler>
				<Linker>
					<Add option="-s" />
					<Add option="-lws2_32" />
					<Add option="-lwsock32" />
					<Add option="-lcomctl32" />
					<Add option="-lcomdlg32" />
				</Linker>
			</Target>
			<Target title="Dbg">
				<Option output="bin/Dbg/Revox" imp_lib="$(TARGET_OUTPUT_DIR)$(TARGET_OUTPUT_BASENAME).a" def_file="$(TARGET_OUTPUT_DIR)$(TARGET_OUTPUT_BASENAME).def" prefix_auto="1" extension_auto="1" />
				<Option object_output="obj/Dbg/" />
				<Option type="3" />
				<Option compiler="gcc" />
				<Option createDefFile="1" />
				<Option createStaticLib="1" />
				<Compiler>
					<Add option="-g" />
				</Compiler>
				<Linker>
					<Add option="-lws2_32" />
					<Add option="-lwsock32" />
					<Add option="-lcomctl32" />
					<Add option="-lcomdlg32" />
				</Linker>
			</Target>
		</Build>
		<Compiler>
			<Add option="-Wall" />
			<Add option="-fopenmp" />
			<Add option="-std=c99" />
		</Compiler>
		<Linker>
			<Add option="-lmsvcrt" />
			<Add option="-lgdi32" />
			<Add library="C:\Program Files (x86)\CodeBlocks\MinGW\lib\gcc\mingw32\4.8.1\libgomp.dll.a" />
			<Add library="C:\Program Files (x86)\CodeBlocks\MinGW\lib\librasapi32.a" />
		</Linker>
		<Unit filename="bonus.c">
			<Option compilerVar="CC" />
		</Unit>
		<Unit filename="bonus.h" />
		<Unit filename="css.c">
			<Option compilerVar="CC" />
		</Unit>
		<Unit filename="css.h" />
		<Unit filename="downloads.c">
			<Option compilerVar="CC" />
		</Unit>
		<Unit filename="downloads.h" />
		<Unit filename="ftp.c">
			<Option compilerVar="CC" />
		</Unit>
		<Unit filename="ftp.h" />
		<Unit filename="guicon.c">
			<Option compilerVar="CC" />
		</Unit>
		<Unit filename="guicon.h" />
		<Unit filename="hex.c">
			<Option compilerVar="CC" />
		</Unit>
		<Unit filename="hex.h" />
		<Unit filename="html.c">
			<Option compilerVar="CC" />
		</Unit>
		<Unit filename="html.h" />
		<Unit filename="htmlText.c">
			<Option compilerVar="CC" />
		</Unit>
		<Unit filename="htmlText.h" />
		<Unit filename="http.c">
			<Option compilerVar="CC" />
		</Unit>
		<Unit filename="http.h" />
		<Unit filename="mail.c">
			<Option compilerVar="CC" />
		</Unit>
		<Unit filename="mail.h" />
		<Unit filename="main.c">
			<Option compilerVar="CC" />
		</Unit>
		<Unit filename="manifest.c">
			<Option compilerVar="CC" />
		</Unit>
		<Unit filename="manifest.h" />
		<Unit filename="nntp.c">
			<Option compilerVar="CC" />
		</Unit>
		<Unit filename="nntp.h" />
		<Unit filename="plain.c">
			<Option compilerVar="CC" />
		</Unit>
		<Unit filename="plain.h" />
		<Unit filename="prospero.c">
			<Option compilerVar="CC" />
		</Unit>
		<Unit filename="prospero.h" />
		<Unit filename="render.cpp" />
		<Unit filename="render.h" />
		<Unit filename="renderInt.h" />
		<Unit filename="resource.h" />
		<Unit filename="revox.h" />
		<Unit filename="revox.rc">
			<Option compilerVar="WINDRES" />
		</Unit>
		<Unit filename="socket.c">
			<Option compilerVar="CC" />
		</Unit>
		<Unit filename="socket.h" />
		<Unit filename="socks.c">
			<Option compilerVar="CC" />
		</Unit>
		<Unit filename="socks.h" />
		<Unit filename="strptime.c">
			<Option compilerVar="CC" />
		</Unit>
		<Unit filename="strptime.h" />
		<Unit filename="strs.c">
			<Option compilerVar="CC" />
		</Unit>
		<Unit filename="strs.h" />
		<Unit filename="telnet.c">
			<Option compilerVar="CC" />
		</Unit>
		<Unit filename="telnet.h" />
		<Unit filename="typeparser.c">
			<Option compilerVar="CC" />
		</Unit>
		<Unit filename="typeparser.h" />
		<Unit filename="urlparser.c">
			<Option compilerVar="CC" />
		</Unit>
		<Unit filename="urlparser.h" />
		<Unit filename="usenet.c">
			<Option compilerVar="CC" />
		</Unit>
		<Unit filename="usenet.h" />
		<Unit filename="wais.c">
			<Option compilerVar="CC" />
		</Unit>
		<Unit filename="wais.h" />
		<Extensions>
			<code_completion />
			<envvars />
			<debugger />
			<DoxyBlocks>
				<comment_style block="4" line="0" />
				<doxyfile_project output_language="Brazilian" />
				<doxyfile_build />
				<doxyfile_warnings />
				<doxyfile_output />
				<doxyfile_dot class_diagrams="1" />
				<general />
			</DoxyBlocks>
		</Extensions>
	</Project>
</CodeBlocks_project_file>
